<Solution>
  <Folder Name="/examples/">
    <Project Path="examples/DotnetPromptToolkit.Examples/DotnetPromptToolkit.Examples.csproj" />
  </Folder>
  <Folder Name="/src/">
    <Project Path="src/DotnetPromptToolkit/DotnetPromptToolkit.csproj" />
  </Folder>
  <Folder Name="/tests/">
    <Project Path="tests/DotnetPromptToolkit.Tests/DotnetPromptToolkit.Tests.csproj" />
  </Folder>
</Solution>
